
Microsoft Visual Studio Solution File, Format Version 12.00
# Visual Studio 15
VisualStudioVersion = 15.0.27703.2035
MinimumVisualStudioVersion = 10.0.40219.1
Project("{FAE04EC0-301F-11D3-BF4B-00C04F79EFBC}") = "FabricaChocolates", "FabricaChocolates\FabricaChocolates.csproj", "{81D46779-709C-49D8-9A2A-80F8A2694557}"
EndProject
Global
	GlobalSection(SolutionConfigurationPlatforms) = preSolution
		Debug|Any CPU = Debug|Any CPU
		Release|Any CPU = Release|Any CPU
	EndGlobalSection
	GlobalSection(ProjectConfigurationPlatforms) = postSolution
		{81D46779-709C-49D8-9A2A-80F8A2694557}.Debug|Any CPU.ActiveCfg = Debug|Any CPU
		{81D46779-709C-49D8-9A2A-80F8A2694557}.Debug|Any CPU.Build.0 = Debug|Any CPU
		{81D46779-709C-49D8-9A2A-80F8A2694557}.Release|Any CPU.ActiveCfg = Release|Any CPU
		{81D46779-709C-49D8-9A2A-80F8A2694557}.Release|Any CPU.Build.0 = Release|Any CPU
	EndGlobalSection
	GlobalSection(SolutionProperties) = preSolution
		HideSolutionNode = FALSE
	EndGlobalSection
	GlobalSection(ExtensibilityGlobals) = postSolution
		SolutionGuid = {6919F6D3-7E37-495B-90F4-D8E0E356D5C5}
	EndGlobalSection
EndGlobal
